
Microsoft Visual Studio Solution File, Format Version 12.00
# Visual Studio 15
Project("{FAE04EC0-301F-11D3-BF4B-00C04F79EFBC}") = "Assembly-CSharp", "Assembly-CSharp.csproj", "{A7CF2AB3-1D47-B870-3B5E-68755B7F3A2B}"
EndProject
Project("{FAE04EC0-301F-11D3-BF4B-00C04F79EFBC}") = "Assembly-CSharp-firstpass", "Assembly-CSharp-firstpass.csproj", "{9C37F327-67FE-D4D1-DEE3-D9AA59F3A9C1}"
EndProject
Project("{FAE04EC0-301F-11D3-BF4B-00C04F79EFBC}") = "Assembly-CSharp-Editor", "Assembly-CSharp-Editor.csproj", "{42B37A07-F55A-3613-4016-E14A7E463ADE}"
EndProject
Global
	GlobalSection(SolutionConfigurationPlatforms) = preSolution
		Debug|Any CPU = Debug|Any CPU
		Release|Any CPU = Release|Any CPU
	EndGlobalSection
	GlobalSection(ProjectConfigurationPlatforms) = postSolution
		{A7CF2AB3-1D47-B870-3B5E-68755B7F3A2B}.Debug|Any CPU.ActiveCfg = Debug|Any CPU
		{A7CF2AB3-1D47-B870-3B5E-68755B7F3A2B}.Debug|Any CPU.Build.0 = Debug|Any CPU
		{A7CF2AB3-1D47-B870-3B5E-68755B7F3A2B}.Release|Any CPU.ActiveCfg = Release|Any CPU
		{A7CF2AB3-1D47-B870-3B5E-68755B7F3A2B}.Release|Any CPU.Build.0 = Release|Any CPU
		{9C37F327-67FE-D4D1-DEE3-D9AA59F3A9C1}.Debug|Any CPU.ActiveCfg = Debug|Any CPU
		{9C37F327-67FE-D4D1-DEE3-D9AA59F3A9C1}.Debug|Any CPU.Build.0 = Debug|Any CPU
		{9C37F327-67FE-D4D1-DEE3-D9AA59F3A9C1}.Release|Any CPU.ActiveCfg = Release|Any CPU
		{9C37F327-67FE-D4D1-DEE3-D9AA59F3A9C1}.Release|Any CPU.Build.0 = Release|Any CPU
		{42B37A07-F55A-3613-4016-E14A7E463ADE}.Debug|Any CPU.ActiveCfg = Debug|Any CPU
		{42B37A07-F55A-3613-4016-E14A7E463ADE}.Debug|Any CPU.Build.0 = Debug|Any CPU
		{42B37A07-F55A-3613-4016-E14A7E463ADE}.Release|Any CPU.ActiveCfg = Release|Any CPU
		{42B37A07-F55A-3613-4016-E14A7E463ADE}.Release|Any CPU.Build.0 = Release|Any CPU
	EndGlobalSection
	GlobalSection(SolutionProperties) = preSolution
		HideSolutionNode = FALSE
	EndGlobalSection
	GlobalSection(MonoDevelopProperties) = preSolution
		StartupItem = Assembly-CSharp.csproj
	EndGlobalSection
EndGlobal
